
Microsoft Visual Studio Solution File, Format Version 12.00
# Visual Studio Version 17
VisualStudioVersion = 17.11.35327.3
MinimumVisualStudioVersion = 10.0.40219.1
Project("{8BC9CEB8-8B4A-11D0-8D11-00A0C91BC942}") = "Bai01", "Bai01.vcxproj", "{55400A9A-DA63-4564-9A6E-82CAA22DDCD4}"
EndProject
Project("{8BC9CEB8-8B4A-11D0-8D11-00A0C91BC942}") = "Bai05", "..\Bai05\Bai05.vcxproj", "{788D4860-6B64-4EAB-91E2-1043331F1B2D}"
EndProject
Project("{8BC9CEB8-8B4A-11D0-8D11-00A0C91BC942}") = "Bai02", "..\Bai02\Bai02.vcxproj", "{0D484591-64C7-4967-9FBD-81E8F2AF8500}"
EndProject
Project("{8BC9CEB8-8B4A-11D0-8D11-00A0C91BC942}") = "Bai03", "..\Bai03\Bai03.vcxproj", "{84653545-6E29-4F06-B4A5-7B3D09C2EC7D}"
EndProject
Project("{8BC9CEB8-8B4A-11D0-8D11-00A0C91BC942}") = "Bai04", "..\Bai04\Bai04.vcxproj", "{106A6606-ECFE-4C54-9B4C-E8F9DC0FA624}"
EndProject
Project("{8BC9CEB8-8B4A-11D0-8D11-00A0C91BC942}") = "Bai06", "..\Bai06\Bai06.vcxproj", "{A6AE4B6E-1DE7-4AE6-9103-D5D3D0D3DB52}"
EndProject
Project("{8BC9CEB8-8B4A-11D0-8D11-00A0C91BC942}") = "Bai07", "..\Bai07\Bai07.vcxproj", "{F5ED71B1-D5C6-4662-9747-9EA25BF5527F}"
EndProject
Project("{8BC9CEB8-8B4A-11D0-8D11-00A0C91BC942}") = "Bai08", "..\Bai08\Bai08.vcxproj", "{07B6F5C8-7E23-43FA-B803-3447CB6A6868}"
EndProject
Global
	GlobalSection(SolutionConfigurationPlatforms) = preSolution
		Debug|x64 = Debug|x64
		Debug|x86 = Debug|x86
		Release|x64 = Release|x64
		Release|x86 = Release|x86
	EndGlobalSection
	GlobalSection(ProjectConfigurationPlatforms) = postSolution
		{55400A9A-DA63-4564-9A6E-82CAA22DDCD4}.Debug|x64.ActiveCfg = Debug|x64
		{55400A9A-DA63-4564-9A6E-82CAA22DDCD4}.Debug|x64.Build.0 = Debug|x64
		{55400A9A-DA63-4564-9A6E-82CAA22DDCD4}.Debug|x86.ActiveCfg = Debug|Win32
		{55400A9A-DA63-4564-9A6E-82CAA22DDCD4}.Debug|x86.Build.0 = Debug|Win32
		{55400A9A-DA63-4564-9A6E-82CAA22DDCD4}.Release|x64.ActiveCfg = Release|x64
		{55400A9A-DA63-4564-9A6E-82CAA22DDCD4}.Release|x64.Build.0 = Release|x64
		{55400A9A-DA63-4564-9A6E-82CAA22DDCD4}.Release|x86.ActiveCfg = Release|Win32
		{55400A9A-DA63-4564-9A6E-82CAA22DDCD4}.Release|x86.Build.0 = Release|Win32
		{788D4860-6B64-4EAB-91E2-1043331F1B2D}.Debug|x64.ActiveCfg = Debug|x64
		{788D4860-6B64-4EAB-91E2-1043331F1B2D}.Debug|x64.Build.0 = Debug|x64
		{788D4860-6B64-4EAB-91E2-1043331F1B2D}.Debug|x86.ActiveCfg = Debug|Win32
		{788D4860-6B64-4EAB-91E2-1043331F1B2D}.Debug|x86.Build.0 = Debug|Win32
		{788D4860-6B64-4EAB-91E2-1043331F1B2D}.Release|x64.ActiveCfg = Release|x64
		{788D4860-6B64-4EAB-91E2-1043331F1B2D}.Release|x64.Build.0 = Release|x64
		{788D4860-6B64-4EAB-91E2-1043331F1B2D}.Release|x86.ActiveCfg = Release|Win32
		{788D4860-6B64-4EAB-91E2-1043331F1B2D}.Release|x86.Build.0 = Release|Win32
		{0D484591-64C7-4967-9FBD-81E8F2AF8500}.Debug|x64.ActiveCfg = Debug|x64
		{0D484591-64C7-4967-9FBD-81E8F2AF8500}.Debug|x64.Build.0 = Debug|x64
		{0D484591-64C7-4967-9FBD-81E8F2AF8500}.Debug|x86.ActiveCfg = Debug|Win32
		{0D484591-64C7-4967-9FBD-81E8F2AF8500}.Debug|x86.Build.0 = Debug|Win32
		{0D484591-64C7-4967-9FBD-81E8F2AF8500}.Release|x64.ActiveCfg = Release|x64
		{0D484591-64C7-4967-9FBD-81E8F2AF8500}.Release|x64.Build.0 = Release|x64
		{0D484591-64C7-4967-9FBD-81E8F2AF8500}.Release|x86.ActiveCfg = Release|Win32
		{0D484591-64C7-4967-9FBD-81E8F2AF8500}.Release|x86.Build.0 = Release|Win32
		{84653545-6E29-4F06-B4A5-7B3D09C2EC7D}.Debug|x64.ActiveCfg = Debug|x64
		{84653545-6E29-4F06-B4A5-7B3D09C2EC7D}.Debug|x64.Build.0 = Debug|x64
		{84653545-6E29-4F06-B4A5-7B3D09C2EC7D}.Debug|x86.ActiveCfg = Debug|Win32
		{84653545-6E29-4F06-B4A5-7B3D09C2EC7D}.Debug|x86.Build.0 = Debug|Win32
		{84653545-6E29-4F06-B4A5-7B3D09C2EC7D}.Release|x64.ActiveCfg = Release|x64
		{84653545-6E29-4F06-B4A5-7B3D09C2EC7D}.Release|x64.Build.0 = Release|x64
		{84653545-6E29-4F06-B4A5-7B3D09C2EC7D}.Release|x86.ActiveCfg = Release|Win32
		{84653545-6E29-4F06-B4A5-7B3D09C2EC7D}.Release|x86.Build.0 = Release|Win32
		{106A6606-ECFE-4C54-9B4C-E8F9DC0FA624}.Debug|x64.ActiveCfg = Debug|x64
		{106A6606-ECFE-4C54-9B4C-E8F9DC0FA624}.Debug|x64.Build.0 = Debug|x64
		{106A6606-ECFE-4C54-9B4C-E8F9DC0FA624}.Debug|x86.ActiveCfg = Debug|Win32
		{106A6606-ECFE-4C54-9B4C-E8F9DC0FA624}.Debug|x86.Build.0 = Debug|Win32
		{106A6606-ECFE-4C54-9B4C-E8F9DC0FA624}.Release|x64.ActiveCfg = Release|x64
		{106A6606-ECFE-4C54-9B4C-E8F9DC0FA624}.Release|x64.Build.0 = Release|x64
		{106A6606-ECFE-4C54-9B4C-E8F9DC0FA624}.Release|x86.ActiveCfg = Release|Win32
		{106A6606-ECFE-4C54-9B4C-E8F9DC0FA624}.Release|x86.Build.0 = Release|Win32
		{A6AE4B6E-1DE7-4AE6-9103-D5D3D0D3DB52}.Debug|x64.ActiveCfg = Debug|x64
		{A6AE4B6E-1DE7-4AE6-9103-D5D3D0D3DB52}.Debug|x64.Build.0 = Debug|x64
		{A6AE4B6E-1DE7-4AE6-9103-D5D3D0D3DB52}.Debug|x86.ActiveCfg = Debug|Win32
		{A6AE4B6E-1DE7-4AE6-9103-D5D3D0D3DB52}.Debug|x86.Build.0 = Debug|Win32
		{A6AE4B6E-1DE7-4AE6-9103-D5D3D0D3DB52}.Release|x64.ActiveCfg = Release|x64
		{A6AE4B6E-1DE7-4AE6-9103-D5D3D0D3DB52}.Release|x64.Build.0 = Release|x64
		{A6AE4B6E-1DE7-4AE6-9103-D5D3D0D3DB52}.Release|x86.ActiveCfg = Release|Win32
		{A6AE4B6E-1DE7-4AE6-9103-D5D3D0D3DB52}.Release|x86.Build.0 = Release|Win32
		{F5ED71B1-D5C6-4662-9747-9EA25BF5527F}.Debug|x64.ActiveCfg = Debug|x64
		{F5ED71B1-D5C6-4662-9747-9EA25BF5527F}.Debug|x64.Build.0 = Debug|x64
		{F5ED71B1-D5C6-4662-9747-9EA25BF5527F}.Debug|x86.ActiveCfg = Debug|Win32
		{F5ED71B1-D5C6-4662-9747-9EA25BF5527F}.Debug|x86.Build.0 = Debug|Win32
		{F5ED71B1-D5C6-4662-9747-9EA25BF5527F}.Release|x64.ActiveCfg = Release|x64
		{F5ED71B1-D5C6-4662-9747-9EA25BF5527F}.Release|x64.Build.0 = Release|x64
		{F5ED71B1-D5C6-4662-9747-9EA25BF5527F}.Release|x86.ActiveCfg = Release|Win32
		{F5ED71B1-D5C6-4662-9747-9EA25BF5527F}.Release|x86.Build.0 = Release|Win32
		{07B6F5C8-7E23-43FA-B803-3447CB6A6868}.Debug|x64.ActiveCfg = Debug|x64
		{07B6F5C8-7E23-43FA-B803-3447CB6A6868}.Debug|x64.Build.0 = Debug|x64
		{07B6F5C8-7E23-43FA-B803-3447CB6A6868}.Debug|x86.ActiveCfg = Debug|Win32
		{07B6F5C8-7E23-43FA-B803-3447CB6A6868}.Debug|x86.Build.0 = Debug|Win32
		{07B6F5C8-7E23-43FA-B803-3447CB6A6868}.Release|x64.ActiveCfg = Release|x64
		{07B6F5C8-7E23-43FA-B803-3447CB6A6868}.Release|x64.Build.0 = Release|x64
		{07B6F5C8-7E23-43FA-B803-3447CB6A6868}.Release|x86.ActiveCfg = Release|Win32
		{07B6F5C8-7E23-43FA-B803-3447CB6A6868}.Release|x86.Build.0 = Release|Win32
	EndGlobalSection
	GlobalSection(SolutionProperties) = preSolution
		HideSolutionNode = FALSE
	EndGlobalSection
	GlobalSection(ExtensibilityGlobals) = postSolution
		SolutionGuid = {D62A181C-EA5B-4982-8D0B-50001AA5BFEF}
	EndGlobalSection
EndGlobal
