
Microsoft Visual Studio Solution File, Format Version 12.00
# Visual Studio Version 17
VisualStudioVersion = 17.11.35327.3
MinimumVisualStudioVersion = 10.0.40219.1
Project("{8BC9CEB8-8B4A-11D0-8D11-00A0C91BC942}") = "Bai01", "Bai01.vcxproj", "{3EA32278-31A7-4209-A709-EEE7FED8FD51}"
EndProject
Project("{8BC9CEB8-8B4A-11D0-8D11-00A0C91BC942}") = "Bai04", "..\Bai04\Bai04.vcxproj", "{54150733-4546-453B-A99D-6040C7BA8511}"
EndProject
Project("{8BC9CEB8-8B4A-11D0-8D11-00A0C91BC942}") = "Bai05", "..\Bai05\Bai05.vcxproj", "{0E848E85-4A55-4FBB-8E1B-0E23053FB338}"
EndProject
Project("{8BC9CEB8-8B4A-11D0-8D11-00A0C91BC942}") = "Bai06", "..\Bai06\Bai06.vcxproj", "{E83FA0E7-91C4-46A1-9243-8CFD0A7E96AB}"
EndProject
Project("{8BC9CEB8-8B4A-11D0-8D11-00A0C91BC942}") = "Bai07", "..\Bai07\Bai07.vcxproj", "{EF371E5B-98B5-4F81-9922-CEB64574CFA1}"
EndProject
Project("{8BC9CEB8-8B4A-11D0-8D11-00A0C91BC942}") = "Bai08", "..\Bai08\Bai08.vcxproj", "{76470DFE-6376-4980-BE46-B0B9E6F17550}"
EndProject
Project("{8BC9CEB8-8B4A-11D0-8D11-00A0C91BC942}") = "Bai02", "..\Bai02\Bai02.vcxproj", "{1ECDA9A1-27EC-4072-A0D4-B21D598512EA}"
EndProject
Project("{8BC9CEB8-8B4A-11D0-8D11-00A0C91BC942}") = "Bai03", "..\Bai03\Bai03.vcxproj", "{1956625F-141A-4402-B553-E9F9943B62DF}"
EndProject
Global
	GlobalSection(SolutionConfigurationPlatforms) = preSolution
		Debug|x64 = Debug|x64
		Debug|x86 = Debug|x86
		Release|x64 = Release|x64
		Release|x86 = Release|x86
	EndGlobalSection
	GlobalSection(ProjectConfigurationPlatforms) = postSolution
		{3EA32278-31A7-4209-A709-EEE7FED8FD51}.Debug|x64.ActiveCfg = Debug|x64
		{3EA32278-31A7-4209-A709-EEE7FED8FD51}.Debug|x64.Build.0 = Debug|x64
		{3EA32278-31A7-4209-A709-EEE7FED8FD51}.Debug|x86.ActiveCfg = Debug|Win32
		{3EA32278-31A7-4209-A709-EEE7FED8FD51}.Debug|x86.Build.0 = Debug|Win32
		{3EA32278-31A7-4209-A709-EEE7FED8FD51}.Release|x64.ActiveCfg = Release|x64
		{3EA32278-31A7-4209-A709-EEE7FED8FD51}.Release|x64.Build.0 = Release|x64
		{3EA32278-31A7-4209-A709-EEE7FED8FD51}.Release|x86.ActiveCfg = Release|Win32
		{3EA32278-31A7-4209-A709-EEE7FED8FD51}.Release|x86.Build.0 = Release|Win32
		{54150733-4546-453B-A99D-6040C7BA8511}.Debug|x64.ActiveCfg = Debug|x64
		{54150733-4546-453B-A99D-6040C7BA8511}.Debug|x64.Build.0 = Debug|x64
		{54150733-4546-453B-A99D-6040C7BA8511}.Debug|x86.ActiveCfg = Debug|Win32
		{54150733-4546-453B-A99D-6040C7BA8511}.Debug|x86.Build.0 = Debug|Win32
		{54150733-4546-453B-A99D-6040C7BA8511}.Release|x64.ActiveCfg = Release|x64
		{54150733-4546-453B-A99D-6040C7BA8511}.Release|x64.Build.0 = Release|x64
		{54150733-4546-453B-A99D-6040C7BA8511}.Release|x86.ActiveCfg = Release|Win32
		{54150733-4546-453B-A99D-6040C7BA8511}.Release|x86.Build.0 = Release|Win32
		{0E848E85-4A55-4FBB-8E1B-0E23053FB338}.Debug|x64.ActiveCfg = Debug|x64
		{0E848E85-4A55-4FBB-8E1B-0E23053FB338}.Debug|x64.Build.0 = Debug|x64
		{0E848E85-4A55-4FBB-8E1B-0E23053FB338}.Debug|x86.ActiveCfg = Debug|Win32
		{0E848E85-4A55-4FBB-8E1B-0E23053FB338}.Debug|x86.Build.0 = Debug|Win32
		{0E848E85-4A55-4FBB-8E1B-0E23053FB338}.Release|x64.ActiveCfg = Release|x64
		{0E848E85-4A55-4FBB-8E1B-0E23053FB338}.Release|x64.Build.0 = Release|x64
		{0E848E85-4A55-4FBB-8E1B-0E23053FB338}.Release|x86.ActiveCfg = Release|Win32
		{0E848E85-4A55-4FBB-8E1B-0E23053FB338}.Release|x86.Build.0 = Release|Win32
		{E83FA0E7-91C4-46A1-9243-8CFD0A7E96AB}.Debug|x64.ActiveCfg = Debug|x64
		{E83FA0E7-91C4-46A1-9243-8CFD0A7E96AB}.Debug|x64.Build.0 = Debug|x64
		{E83FA0E7-91C4-46A1-9243-8CFD0A7E96AB}.Debug|x86.ActiveCfg = Debug|Win32
		{E83FA0E7-91C4-46A1-9243-8CFD0A7E96AB}.Debug|x86.Build.0 = Debug|Win32
		{E83FA0E7-91C4-46A1-9243-8CFD0A7E96AB}.Release|x64.ActiveCfg = Release|x64
		{E83FA0E7-91C4-46A1-9243-8CFD0A7E96AB}.Release|x64.Build.0 = Release|x64
		{E83FA0E7-91C4-46A1-9243-8CFD0A7E96AB}.Release|x86.ActiveCfg = Release|Win32
		{E83FA0E7-91C4-46A1-9243-8CFD0A7E96AB}.Release|x86.Build.0 = Release|Win32
		{EF371E5B-98B5-4F81-9922-CEB64574CFA1}.Debug|x64.ActiveCfg = Debug|x64
		{EF371E5B-98B5-4F81-9922-CEB64574CFA1}.Debug|x64.Build.0 = Debug|x64
		{EF371E5B-98B5-4F81-9922-CEB64574CFA1}.Debug|x86.ActiveCfg = Debug|Win32
		{EF371E5B-98B5-4F81-9922-CEB64574CFA1}.Debug|x86.Build.0 = Debug|Win32
		{EF371E5B-98B5-4F81-9922-CEB64574CFA1}.Release|x64.ActiveCfg = Release|x64
		{EF371E5B-98B5-4F81-9922-CEB64574CFA1}.Release|x64.Build.0 = Release|x64
		{EF371E5B-98B5-4F81-9922-CEB64574CFA1}.Release|x86.ActiveCfg = Release|Win32
		{EF371E5B-98B5-4F81-9922-CEB64574CFA1}.Release|x86.Build.0 = Release|Win32
		{76470DFE-6376-4980-BE46-B0B9E6F17550}.Debug|x64.ActiveCfg = Debug|x64
		{76470DFE-6376-4980-BE46-B0B9E6F17550}.Debug|x64.Build.0 = Debug|x64
		{76470DFE-6376-4980-BE46-B0B9E6F17550}.Debug|x86.ActiveCfg = Debug|Win32
		{76470DFE-6376-4980-BE46-B0B9E6F17550}.Debug|x86.Build.0 = Debug|Win32
		{76470DFE-6376-4980-BE46-B0B9E6F17550}.Release|x64.ActiveCfg = Release|x64
		{76470DFE-6376-4980-BE46-B0B9E6F17550}.Release|x64.Build.0 = Release|x64
		{76470DFE-6376-4980-BE46-B0B9E6F17550}.Release|x86.ActiveCfg = Release|Win32
		{76470DFE-6376-4980-BE46-B0B9E6F17550}.Release|x86.Build.0 = Release|Win32
		{1ECDA9A1-27EC-4072-A0D4-B21D598512EA}.Debug|x64.ActiveCfg = Debug|x64
		{1ECDA9A1-27EC-4072-A0D4-B21D598512EA}.Debug|x64.Build.0 = Debug|x64
		{1ECDA9A1-27EC-4072-A0D4-B21D598512EA}.Debug|x86.ActiveCfg = Debug|Win32
		{1ECDA9A1-27EC-4072-A0D4-B21D598512EA}.Debug|x86.Build.0 = Debug|Win32
		{1ECDA9A1-27EC-4072-A0D4-B21D598512EA}.Release|x64.ActiveCfg = Release|x64
		{1ECDA9A1-27EC-4072-A0D4-B21D598512EA}.Release|x64.Build.0 = Release|x64
		{1ECDA9A1-27EC-4072-A0D4-B21D598512EA}.Release|x86.ActiveCfg = Release|Win32
		{1ECDA9A1-27EC-4072-A0D4-B21D598512EA}.Release|x86.Build.0 = Release|Win32
		{1956625F-141A-4402-B553-E9F9943B62DF}.Debug|x64.ActiveCfg = Debug|x64
		{1956625F-141A-4402-B553-E9F9943B62DF}.Debug|x64.Build.0 = Debug|x64
		{1956625F-141A-4402-B553-E9F9943B62DF}.Debug|x86.ActiveCfg = Debug|Win32
		{1956625F-141A-4402-B553-E9F9943B62DF}.Debug|x86.Build.0 = Debug|Win32
		{1956625F-141A-4402-B553-E9F9943B62DF}.Release|x64.ActiveCfg = Release|x64
		{1956625F-141A-4402-B553-E9F9943B62DF}.Release|x64.Build.0 = Release|x64
		{1956625F-141A-4402-B553-E9F9943B62DF}.Release|x86.ActiveCfg = Release|Win32
		{1956625F-141A-4402-B553-E9F9943B62DF}.Release|x86.Build.0 = Release|Win32
	EndGlobalSection
	GlobalSection(SolutionProperties) = preSolution
		HideSolutionNode = FALSE
	EndGlobalSection
	GlobalSection(ExtensibilityGlobals) = postSolution
		SolutionGuid = {F7128722-0EF8-4960-AB50-75E4FEEE07E6}
	EndGlobalSection
EndGlobal
